
Microsoft Visual Studio Solution File, Format Version 12.00
# Visual Studio Version 16
VisualStudioVersion = 16.0.28721.148
MinimumVisualStudioVersion = 10.0.40219.1
Project("{FAE04EC0-301F-11D3-BF4B-00C04F79EFBC}") = "NG", "NG.csproj", "{C7068877-FEBC-4BED-BB11-F6804D4DFF25}"
EndProject
Global
	GlobalSection(SolutionConfigurationPlatforms) = preSolution
		Debug|Any CPU = Debug|Any CPU
		Release|Any CPU = Release|Any CPU
	EndGlobalSection
	GlobalSection(ProjectConfigurationPlatforms) = postSolution
		{C7068877-FEBC-4BED-BB11-F6804D4DFF25}.Debug|Any CPU.ActiveCfg = Debug|Any CPU
		{C7068877-FEBC-4BED-BB11-F6804D4DFF25}.Debug|Any CPU.Build.0 = Debug|Any CPU
		{C7068877-FEBC-4BED-BB11-F6804D4DFF25}.Release|Any CPU.ActiveCfg = Release|Any CPU
		{C7068877-FEBC-4BED-BB11-F6804D4DFF25}.Release|Any CPU.Build.0 = Release|Any CPU
	EndGlobalSection
	GlobalSection(SolutionProperties) = preSolution
		HideSolutionNode = FALSE
	EndGlobalSection
	GlobalSection(ExtensibilityGlobals) = postSolution
		SolutionGuid = {29D4584D-16FD-4430-8984-700F5F96B072}
	EndGlobalSection
EndGlobal
